
Microsoft Visual Studio Solution File, Format Version 12.00
# Visual Studio Version 16
VisualStudioVersion = 16.0.29326.143
MinimumVisualStudioVersion = 10.0.40219.1
Project("{FAE04EC0-301F-11D3-BF4B-00C04F79EFBC}") = "p01.Index", "p01.Index\p01.Index.csproj", "{DB470464-883B-4207-99A2-53A08589E651}"
EndProject
Project("{FAE04EC0-301F-11D3-BF4B-00C04F79EFBC}") = "p02.PerfectNum", "p02.PerfectNum\p02.PerfectNum.csproj", "{9E09C6E8-B48F-4F5F-AF1C-477745D5302B}"
EndProject
Project("{FAE04EC0-301F-11D3-BF4B-00C04F79EFBC}") = "p03.ReciprocalPerfectNum", "p03.ReciprocalPerfectNum\p03.ReciprocalPerfectNum.csproj", "{461B2F23-3CB5-422E-A75C-A55C6E8DEB56}"
EndProject
Global
	GlobalSection(SolutionConfigurationPlatforms) = preSolution
		Debug|Any CPU = Debug|Any CPU
		Release|Any CPU = Release|Any CPU
	EndGlobalSection
	GlobalSection(ProjectConfigurationPlatforms) = postSolution
		{DB470464-883B-4207-99A2-53A08589E651}.Debug|Any CPU.ActiveCfg = Debug|Any CPU
		{DB470464-883B-4207-99A2-53A08589E651}.Debug|Any CPU.Build.0 = Debug|Any CPU
		{DB470464-883B-4207-99A2-53A08589E651}.Release|Any CPU.ActiveCfg = Release|Any CPU
		{DB470464-883B-4207-99A2-53A08589E651}.Release|Any CPU.Build.0 = Release|Any CPU
		{9E09C6E8-B48F-4F5F-AF1C-477745D5302B}.Debug|Any CPU.ActiveCfg = Debug|Any CPU
		{9E09C6E8-B48F-4F5F-AF1C-477745D5302B}.Debug|Any CPU.Build.0 = Debug|Any CPU
		{9E09C6E8-B48F-4F5F-AF1C-477745D5302B}.Release|Any CPU.ActiveCfg = Release|Any CPU
		{9E09C6E8-B48F-4F5F-AF1C-477745D5302B}.Release|Any CPU.Build.0 = Release|Any CPU
		{461B2F23-3CB5-422E-A75C-A55C6E8DEB56}.Debug|Any CPU.ActiveCfg = Debug|Any CPU
		{461B2F23-3CB5-422E-A75C-A55C6E8DEB56}.Debug|Any CPU.Build.0 = Debug|Any CPU
		{461B2F23-3CB5-422E-A75C-A55C6E8DEB56}.Release|Any CPU.ActiveCfg = Release|Any CPU
		{461B2F23-3CB5-422E-A75C-A55C6E8DEB56}.Release|Any CPU.Build.0 = Release|Any CPU
	EndGlobalSection
	GlobalSection(SolutionProperties) = preSolution
		HideSolutionNode = FALSE
	EndGlobalSection
	GlobalSection(ExtensibilityGlobals) = postSolution
		SolutionGuid = {11E776A1-C1CC-4AC4-817B-87A0D40FF9B0}
	EndGlobalSection
EndGlobal
