
Microsoft Visual Studio Solution File, Format Version 12.00
# Visual Studio Version 16
VisualStudioVersion = 16.0.29215.179
MinimumVisualStudioVersion = 10.0.40219.1
Project("{9A19103F-16F7-4668-BE54-9A1E7A4F7556}") = "p01.Index", "p01.Index\p01.Index.csproj", "{A243A16D-2C92-4F2A-9F28-1C377FEEAB3F}"
EndProject
Project("{FAE04EC0-301F-11D3-BF4B-00C04F79EFBC}") = "p02.SieveOfEratosten", "p02.SieveOfEratosten\p02.SieveOfEratosten.csproj", "{2F7E2947-244B-479C-A780-1E32EFCEB957}"
EndProject
Project("{FAE04EC0-301F-11D3-BF4B-00C04F79EFBC}") = "p03.SieveOfEratostenV2", "p03.SieveOfEratostenV2\p03.SieveOfEratostenV2.csproj", "{90BD22D3-53C1-43CD-BDF2-D73989D1AD60}"
EndProject
Project("{FAE04EC0-301F-11D3-BF4B-00C04F79EFBC}") = "p04.Awaiter", "p04.Awaiter\p04.Awaiter.csproj", "{9EF058A8-7945-48D0-8D64-40D00BDA7FE9}"
EndProject
Project("{FAE04EC0-301F-11D3-BF4B-00C04F79EFBC}") = "p05.ImprovedSearchPrimes", "p05.ImprovedSearchPrimes\p05.ImprovedSearchPrimes.csproj", "{2B01BCAE-DAF7-4B69-A934-4EE675513199}"
EndProject
Global
	GlobalSection(SolutionConfigurationPlatforms) = preSolution
		Debug|Any CPU = Debug|Any CPU
		Release|Any CPU = Release|Any CPU
	EndGlobalSection
	GlobalSection(ProjectConfigurationPlatforms) = postSolution
		{A243A16D-2C92-4F2A-9F28-1C377FEEAB3F}.Debug|Any CPU.ActiveCfg = Debug|Any CPU
		{A243A16D-2C92-4F2A-9F28-1C377FEEAB3F}.Debug|Any CPU.Build.0 = Debug|Any CPU
		{A243A16D-2C92-4F2A-9F28-1C377FEEAB3F}.Release|Any CPU.ActiveCfg = Release|Any CPU
		{A243A16D-2C92-4F2A-9F28-1C377FEEAB3F}.Release|Any CPU.Build.0 = Release|Any CPU
		{2F7E2947-244B-479C-A780-1E32EFCEB957}.Debug|Any CPU.ActiveCfg = Debug|Any CPU
		{2F7E2947-244B-479C-A780-1E32EFCEB957}.Debug|Any CPU.Build.0 = Debug|Any CPU
		{2F7E2947-244B-479C-A780-1E32EFCEB957}.Release|Any CPU.ActiveCfg = Release|Any CPU
		{2F7E2947-244B-479C-A780-1E32EFCEB957}.Release|Any CPU.Build.0 = Release|Any CPU
		{90BD22D3-53C1-43CD-BDF2-D73989D1AD60}.Debug|Any CPU.ActiveCfg = Debug|Any CPU
		{90BD22D3-53C1-43CD-BDF2-D73989D1AD60}.Debug|Any CPU.Build.0 = Debug|Any CPU
		{90BD22D3-53C1-43CD-BDF2-D73989D1AD60}.Release|Any CPU.ActiveCfg = Release|Any CPU
		{90BD22D3-53C1-43CD-BDF2-D73989D1AD60}.Release|Any CPU.Build.0 = Release|Any CPU
		{9EF058A8-7945-48D0-8D64-40D00BDA7FE9}.Debug|Any CPU.ActiveCfg = Debug|Any CPU
		{9EF058A8-7945-48D0-8D64-40D00BDA7FE9}.Debug|Any CPU.Build.0 = Debug|Any CPU
		{9EF058A8-7945-48D0-8D64-40D00BDA7FE9}.Release|Any CPU.ActiveCfg = Release|Any CPU
		{9EF058A8-7945-48D0-8D64-40D00BDA7FE9}.Release|Any CPU.Build.0 = Release|Any CPU
		{2B01BCAE-DAF7-4B69-A934-4EE675513199}.Debug|Any CPU.ActiveCfg = Debug|Any CPU
		{2B01BCAE-DAF7-4B69-A934-4EE675513199}.Debug|Any CPU.Build.0 = Debug|Any CPU
		{2B01BCAE-DAF7-4B69-A934-4EE675513199}.Release|Any CPU.ActiveCfg = Release|Any CPU
		{2B01BCAE-DAF7-4B69-A934-4EE675513199}.Release|Any CPU.Build.0 = Release|Any CPU
	EndGlobalSection
	GlobalSection(SolutionProperties) = preSolution
		HideSolutionNode = FALSE
	EndGlobalSection
	GlobalSection(ExtensibilityGlobals) = postSolution
		SolutionGuid = {83325282-EED4-437A-B8E3-C0E1B9A7AFAC}
	EndGlobalSection
EndGlobal
